
Microsoft Visual Studio Solution File, Format Version 12.00
# Visual Studio Version 16
VisualStudioVersion = 16.0.29519.181
MinimumVisualStudioVersion = 10.0.40219.1
Project("{FAE04EC0-301F-11D3-BF4B-00C04F79EFBC}") = "DemoAngularJS", "DemoAngularJS\DemoAngularJS.csproj", "{CD1D6A79-8874-4EB8-8467-BE521089BE95}"
EndProject
Global
	GlobalSection(SolutionConfigurationPlatforms) = preSolution
		Debug|Any CPU = Debug|Any CPU
		Release|Any CPU = Release|Any CPU
	EndGlobalSection
	GlobalSection(ProjectConfigurationPlatforms) = postSolution
		{CD1D6A79-8874-4EB8-8467-BE521089BE95}.Debug|Any CPU.ActiveCfg = Debug|Any CPU
		{CD1D6A79-8874-4EB8-8467-BE521089BE95}.Debug|Any CPU.Build.0 = Debug|Any CPU
		{CD1D6A79-8874-4EB8-8467-BE521089BE95}.Release|Any CPU.ActiveCfg = Release|Any CPU
		{CD1D6A79-8874-4EB8-8467-BE521089BE95}.Release|Any CPU.Build.0 = Release|Any CPU
	EndGlobalSection
	GlobalSection(SolutionProperties) = preSolution
		HideSolutionNode = FALSE
	EndGlobalSection
	GlobalSection(ExtensibilityGlobals) = postSolution
		SolutionGuid = {6B1809C1-6662-4B19-804F-8AC239814CD7}
	EndGlobalSection
EndGlobal
